PODS:
  - Alamofire (4.7.0)
  - AlamofireReactiveExtensions (3.0.0-alpha.1):
    - Alamofire (~> 4.0)
    - ReactiveSwift (~> 3.0.0-alpha.1)
  - ASDKFluentExtensions (0.8):
    - Texture (~> 2.6)
  - ChameleonFramework/Default (2.1.0)
  - ChameleonFramework/Swift (2.1.0):
    - ChameleonFramework/Default
  - Nimble (7.0.3)
  - PINCache (3.0.1-beta.6):
    - PINCache/Arc-exception-safe (= 3.0.1-beta.6)
    - PINCache/Core (= 3.0.1-beta.6)
  - PINCache/Arc-exception-safe (3.0.1-beta.6):
    - PINCache/Core
  - PINCache/Core (3.0.1-beta.6):
    - PINOperation (~> 1.1.0)
  - PINOperation (1.1.1)
  - PINRemoteImage/Core (3.0.0-beta.13):
    - PINOperation
  - PINRemoteImage/iOS (3.0.0-beta.13):
    - PINRemoteImage/Core
  - PINRemoteImage/PINCache (3.0.0-beta.13):
    - PINCache (= 3.0.1-beta.6)
    - PINRemoteImage/Core
  - Quick (1.2.0)
  - ReactiveCocoa (7.0.0-alpha.2):
    - ReactiveSwift (= 3.0.0-alpha.1)
  - ReactiveSwift (3.0.0-alpha.1):
    - Result (~> 3.2)
  - Result (3.2.4)
  - Swinject (2.2.0)
  - Texture (2.6):
    - Texture/PINRemoteImage (= 2.6)
  - Texture/Core (2.6)
  - Texture/PINRemoteImage (2.6):
    - PINRemoteImage/iOS (= 3.0.0-beta.13)
    - PINRemoteImage/PINCache
    - Texture/Core

DEPENDENCIES:
  - Alamofire
  - AlamofireReactiveExtensions (= 3.0.0-alpha.1)
  - ASDKFluentExtensions
  - ChameleonFramework/Swift (from `https://github.com/ViccAlexander/Chameleon.git`)
  - Nimble
  - Quick
  - ReactiveCocoa (= 7.0.0-alpha.2)
  - ReactiveSwift (= 3.0.0-alpha.1)
  - Swinject
  - Texture (~> 2.5)

EXTERNAL SOURCES:
  ChameleonFramework:
    :git: https://github.com/ViccAlexander/Chameleon.git

CHECKOUT OPTIONS:
  ChameleonFramework:
    :commit: 6dd284bde21ea2e7f9fd89bc36f40df16e16369d
    :git: https://github.com/ViccAlexander/Chameleon.git

SPEC CHECKSUMS:
  Alamofire: 907e0a98eb68cdb7f9d1f541a563d6ac5dc77b25
  AlamofireReactiveExtensions: 4bba8c46ff8d753d27d80808374606c67d843fe9
  ASDKFluentExtensions: 1d464bd7e39cf7185f7091ac78dfdd002a4d0dc3
  ChameleonFramework: d21a3cc247abfe5e37609a283a8238b03575cf64
  Nimble: 7f5a9c447a33002645a071bddafbfb24ea70e0ac
  PINCache: d195fdba255283f7e9900a55e3cced377f431f9b
  PINOperation: a6219e6fc9db9c269eb7a7b871ac193bcf400aac
  PINRemoteImage: d6d51c5d2adda55f1ce30c96e850b6c4ebd2856a
  Quick: 58d203b1c5e27fff7229c4c1ae445ad7069a7a08
  ReactiveCocoa: 93aa0c066eeff28cb7a49f9ea12ab5327f4f7941
  ReactiveSwift: e6c6ed2d0ac6e3860f06f05046dc2e6ae9997003
  Result: d2d07204ce72856f1fd9130bbe42c35a7b0fea10
  Swinject: 4ca48bca7de5f398229a26abe1ac902b9f3ee541
  Texture: 7249074582daf75e524e59df5428b66b8e8db0e4

PODFILE CHECKSUM: bab5729a24e72ddc8f2d755a6e2df571c33df97f

COCOAPODS: 1.2.0
